
Microsoft Visual Studio Solution File, Format Version 12.00
# Visual Studio 15
VisualStudioVersion = 15.0.28010.2003
MinimumVisualStudioVersion = 10.0.40219.1
Project("{FAE04EC0-301F-11D3-BF4B-00C04F79EFBC}") = "GroupedListApp.Android", "GroupedListApp\GroupedListApp.Android\GroupedListApp.Android.csproj", "{2FA81208-F673-4D9B-9D81-C6698298B7D2}"
EndProject
Project("{FAE04EC0-301F-11D3-BF4B-00C04F79EFBC}") = "GroupedListApp.iOS", "GroupedListApp\GroupedListApp.iOS\GroupedListApp.iOS.csproj", "{9D22994B-0ACC-4DAE-83A5-A61425AAC2DE}"
EndProject
Project("{FAE04EC0-301F-11D3-BF4B-00C04F79EFBC}") = "GroupedListApp", "GroupedListApp\GroupedListApp\GroupedListApp.csproj", "{83B1D6C5-D1C1-48FA-B5DA-69A4D001AE69}"
EndProject
Global
	GlobalSection(SolutionConfigurationPlatforms) = preSolution
		Ad-Hoc|Any CPU = Ad-Hoc|Any CPU
		Ad-Hoc|iPhone = Ad-Hoc|iPhone
		Ad-Hoc|iPhoneSimulator = Ad-Hoc|iPhoneSimulator
		AppStore|Any CPU = AppStore|Any CPU
		AppStore|iPhone = AppStore|iPhone
		AppStore|iPhoneSimulator = AppStore|iPhoneSimulator
		Debug|Any CPU = Debug|Any CPU
		Debug|iPhone = Debug|iPhone
		Debug|iPhoneSimulator = Debug|iPhoneSimulator
		Release|Any CPU = Release|Any CPU
		Release|iPhone = Release|iPhone
		Release|iPhoneSimulator = Release|iPhoneSimulator
	EndGlobalSection
	GlobalSection(ProjectConfigurationPlatforms) = postSolution
		{2FA81208-F673-4D9B-9D81-C6698298B7D2}.Ad-Hoc|Any CPU.ActiveCfg = Release|Any CPU
		{2FA81208-F673-4D9B-9D81-C6698298B7D2}.Ad-Hoc|Any CPU.Build.0 = Release|Any CPU
		{2FA81208-F673-4D9B-9D81-C6698298B7D2}.Ad-Hoc|Any CPU.Deploy.0 = Release|Any CPU
		{2FA81208-F673-4D9B-9D81-C6698298B7D2}.Ad-Hoc|iPhone.ActiveCfg = Release|Any CPU
		{2FA81208-F673-4D9B-9D81-C6698298B7D2}.Ad-Hoc|iPhone.Build.0 = Release|Any CPU
		{2FA81208-F673-4D9B-9D81-C6698298B7D2}.Ad-Hoc|iPhone.Deploy.0 = Release|Any CPU
		{2FA81208-F673-4D9B-9D81-C6698298B7D2}.Ad-Hoc|iPhoneSimulator.ActiveCfg = Release|Any CPU
		{2FA81208-F673-4D9B-9D81-C6698298B7D2}.Ad-Hoc|iPhoneSimulator.Build.0 = Release|Any CPU
		{2FA81208-F673-4D9B-9D81-C6698298B7D2}.Ad-Hoc|iPhoneSimulator.Deploy.0 = Release|Any CPU
		{2FA81208-F673-4D9B-9D81-C6698298B7D2}.AppStore|Any CPU.ActiveCfg = Release|Any CPU
		{2FA81208-F673-4D9B-9D81-C6698298B7D2}.AppStore|Any CPU.Build.0 = Release|Any CPU
		{2FA81208-F673-4D9B-9D81-C6698298B7D2}.AppStore|Any CPU.Deploy.0 = Release|Any CPU
		{2FA81208-F673-4D9B-9D81-C6698298B7D2}.AppStore|iPhone.ActiveCfg = Release|Any CPU
		{2FA81208-F673-4D9B-9D81-C6698298B7D2}.AppStore|iPhone.Build.0 = Release|Any CPU
		{2FA81208-F673-4D9B-9D81-C6698298B7D2}.AppStore|iPhone.Deploy.0 = Release|Any CPU
		{2FA81208-F673-4D9B-9D81-C6698298B7D2}.AppStore|iPhoneSimulator.ActiveCfg = Release|Any CPU
		{2FA81208-F673-4D9B-9D81-C6698298B7D2}.AppStore|iPhoneSimulator.Build.0 = Release|Any CPU
		{2FA81208-F673-4D9B-9D81-C6698298B7D2}.AppStore|iPhoneSimulator.Deploy.0 = Release|Any CPU
		{2FA81208-F673-4D9B-9D81-C6698298B7D2}.Debug|Any CPU.ActiveCfg = Debug|Any CPU
		{2FA81208-F673-4D9B-9D81-C6698298B7D2}.Debug|Any CPU.Build.0 = Debug|Any CPU
		{2FA81208-F673-4D9B-9D81-C6698298B7D2}.Debug|Any CPU.Deploy.0 = Debug|Any CPU
		{2FA81208-F673-4D9B-9D81-C6698298B7D2}.Debug|iPhone.ActiveCfg = Debug|Any CPU
		{2FA81208-F673-4D9B-9D81-C6698298B7D2}.Debug|iPhone.Build.0 = Debug|Any CPU
		{2FA81208-F673-4D9B-9D81-C6698298B7D2}.Debug|iPhone.Deploy.0 = Debug|Any CPU
		{2FA81208-F673-4D9B-9D81-C6698298B7D2}.Debug|iPhoneSimulator.ActiveCfg = Debug|Any CPU
		{2FA81208-F673-4D9B-9D81-C6698298B7D2}.Debug|iPhoneSimulator.Build.0 = Debug|Any CPU
		{2FA81208-F673-4D9B-9D81-C6698298B7D2}.Debug|iPhoneSimulator.Deploy.0 = Debug|Any CPU
		{2FA81208-F673-4D9B-9D81-C6698298B7D2}.Release|Any CPU.ActiveCfg = Release|Any CPU
		{2FA81208-F673-4D9B-9D81-C6698298B7D2}.Release|Any CPU.Build.0 = Release|Any CPU
		{2FA81208-F673-4D9B-9D81-C6698298B7D2}.Release|Any CPU.Deploy.0 = Release|Any CPU
		{2FA81208-F673-4D9B-9D81-C6698298B7D2}.Release|iPhone.ActiveCfg = Release|Any CPU
		{2FA81208-F673-4D9B-9D81-C6698298B7D2}.Release|iPhone.Build.0 = Release|Any CPU
		{2FA81208-F673-4D9B-9D81-C6698298B7D2}.Release|iPhone.Deploy.0 = Release|Any CPU
		{2FA81208-F673-4D9B-9D81-C6698298B7D2}.Release|iPhoneSimulator.ActiveCfg = Release|Any CPU
		{2FA81208-F673-4D9B-9D81-C6698298B7D2}.Release|iPhoneSimulator.Build.0 = Release|Any CPU
		{2FA81208-F673-4D9B-9D81-C6698298B7D2}.Release|iPhoneSimulator.Deploy.0 = Release|Any CPU
		{9D22994B-0ACC-4DAE-83A5-A61425AAC2DE}.Ad-Hoc|Any CPU.ActiveCfg = Ad-Hoc|iPhone
		{9D22994B-0ACC-4DAE-83A5-A61425AAC2DE}.Ad-Hoc|Any CPU.Build.0 = Ad-Hoc|iPhone
		{9D22994B-0ACC-4DAE-83A5-A61425AAC2DE}.Ad-Hoc|Any CPU.Deploy.0 = Ad-Hoc|iPhone
		{9D22994B-0ACC-4DAE-83A5-A61425AAC2DE}.Ad-Hoc|iPhone.ActiveCfg = Ad-Hoc|iPhone
		{9D22994B-0ACC-4DAE-83A5-A61425AAC2DE}.Ad-Hoc|iPhone.Build.0 = Ad-Hoc|iPhone
		{9D22994B-0ACC-4DAE-83A5-A61425AAC2DE}.Ad-Hoc|iPhone.Deploy.0 = Ad-Hoc|iPhone
		{9D22994B-0ACC-4DAE-83A5-A61425AAC2DE}.Ad-Hoc|iPhoneSimulator.ActiveCfg = Ad-Hoc|iPhoneSimulator
		{9D22994B-0ACC-4DAE-83A5-A61425AAC2DE}.Ad-Hoc|iPhoneSimulator.Build.0 = Ad-Hoc|iPhoneSimulator
		{9D22994B-0ACC-4DAE-83A5-A61425AAC2DE}.Ad-Hoc|iPhoneSimulator.Deploy.0 = Ad-Hoc|iPhoneSimulator
		{9D22994B-0ACC-4DAE-83A5-A61425AAC2DE}.AppStore|Any CPU.ActiveCfg = AppStore|iPhone
		{9D22994B-0ACC-4DAE-83A5-A61425AAC2DE}.AppStore|Any CPU.Build.0 = AppStore|iPhone
		{9D22994B-0ACC-4DAE-83A5-A61425AAC2DE}.AppStore|Any CPU.Deploy.0 = AppStore|iPhone
		{9D22994B-0ACC-4DAE-83A5-A61425AAC2DE}.AppStore|iPhone.ActiveCfg = AppStore|iPhone
		{9D22994B-0ACC-4DAE-83A5-A61425AAC2DE}.AppStore|iPhone.Build.0 = AppStore|iPhone
		{9D22994B-0ACC-4DAE-83A5-A61425AAC2DE}.AppStore|iPhone.Deploy.0 = AppStore|iPhone
		{9D22994B-0ACC-4DAE-83A5-A61425AAC2DE}.AppStore|iPhoneSimulator.ActiveCfg = AppStore|iPhoneSimulator
		{9D22994B-0ACC-4DAE-83A5-A61425AAC2DE}.AppStore|iPhoneSimulator.Build.0 = AppStore|iPhoneSimulator
		{9D22994B-0ACC-4DAE-83A5-A61425AAC2DE}.AppStore|iPhoneSimulator.Deploy.0 = AppStore|iPhoneSimulator
		{9D22994B-0ACC-4DAE-83A5-A61425AAC2DE}.Debug|Any CPU.ActiveCfg = Debug|iPhoneSimulator
		{9D22994B-0ACC-4DAE-83A5-A61425AAC2DE}.Debug|Any CPU.Build.0 = Debug|iPhoneSimulator
		{9D22994B-0ACC-4DAE-83A5-A61425AAC2DE}.Debug|Any CPU.Deploy.0 = Debug|iPhoneSimulator
		{9D22994B-0ACC-4DAE-83A5-A61425AAC2DE}.Debug|iPhone.ActiveCfg = Debug|iPhone
		{9D22994B-0ACC-4DAE-83A5-A61425AAC2DE}.Debug|iPhone.Build.0 = Debug|iPhone
		{9D22994B-0ACC-4DAE-83A5-A61425AAC2DE}.Debug|iPhone.Deploy.0 = Debug|iPhone
		{9D22994B-0ACC-4DAE-83A5-A61425AAC2DE}.Debug|iPhoneSimulator.ActiveCfg = Debug|iPhoneSimulator
		{9D22994B-0ACC-4DAE-83A5-A61425AAC2DE}.Debug|iPhoneSimulator.Build.0 = Debug|iPhoneSimulator
		{9D22994B-0ACC-4DAE-83A5-A61425AAC2DE}.Debug|iPhoneSimulator.Deploy.0 = Debug|iPhoneSimulator
		{9D22994B-0ACC-4DAE-83A5-A61425AAC2DE}.Release|Any CPU.ActiveCfg = Release|iPhone
		{9D22994B-0ACC-4DAE-83A5-A61425AAC2DE}.Release|Any CPU.Build.0 = Release|iPhone
		{9D22994B-0ACC-4DAE-83A5-A61425AAC2DE}.Release|Any CPU.Deploy.0 = Release|iPhone
		{9D22994B-0ACC-4DAE-83A5-A61425AAC2DE}.Release|iPhone.ActiveCfg = Release|iPhone
		{9D22994B-0ACC-4DAE-83A5-A61425AAC2DE}.Release|iPhone.Build.0 = Release|iPhone
		{9D22994B-0ACC-4DAE-83A5-A61425AAC2DE}.Release|iPhone.Deploy.0 = Release|iPhone
		{9D22994B-0ACC-4DAE-83A5-A61425AAC2DE}.Release|iPhoneSimulator.ActiveCfg = Release|iPhoneSimulator
		{9D22994B-0ACC-4DAE-83A5-A61425AAC2DE}.Release|iPhoneSimulator.Build.0 = Release|iPhoneSimulator
		{9D22994B-0ACC-4DAE-83A5-A61425AAC2DE}.Release|iPhoneSimulator.Deploy.0 = Release|iPhoneSimulator
		{83B1D6C5-D1C1-48FA-B5DA-69A4D001AE69}.Ad-Hoc|Any CPU.ActiveCfg = Debug|Any CPU
		{83B1D6C5-D1C1-48FA-B5DA-69A4D001AE69}.Ad-Hoc|Any CPU.Build.0 = Debug|Any CPU
		{83B1D6C5-D1C1-48FA-B5DA-69A4D001AE69}.Ad-Hoc|Any CPU.Deploy.0 = Debug|Any CPU
		{83B1D6C5-D1C1-48FA-B5DA-69A4D001AE69}.Ad-Hoc|iPhone.ActiveCfg = Debug|Any CPU
		{83B1D6C5-D1C1-48FA-B5DA-69A4D001AE69}.Ad-Hoc|iPhone.Build.0 = Debug|Any CPU
		{83B1D6C5-D1C1-48FA-B5DA-69A4D001AE69}.Ad-Hoc|iPhone.Deploy.0 = Debug|Any CPU
		{83B1D6C5-D1C1-48FA-B5DA-69A4D001AE69}.Ad-Hoc|iPhoneSimulator.ActiveCfg = Debug|Any CPU
		{83B1D6C5-D1C1-48FA-B5DA-69A4D001AE69}.Ad-Hoc|iPhoneSimulator.Build.0 = Debug|Any CPU
		{83B1D6C5-D1C1-48FA-B5DA-69A4D001AE69}.Ad-Hoc|iPhoneSimulator.Deploy.0 = Debug|Any CPU
		{83B1D6C5-D1C1-48FA-B5DA-69A4D001AE69}.AppStore|Any CPU.ActiveCfg = Debug|Any CPU
		{83B1D6C5-D1C1-48FA-B5DA-69A4D001AE69}.AppStore|Any CPU.Build.0 = Debug|Any CPU
		{83B1D6C5-D1C1-48FA-B5DA-69A4D001AE69}.AppStore|Any CPU.Deploy.0 = Debug|Any CPU
		{83B1D6C5-D1C1-48FA-B5DA-69A4D001AE69}.AppStore|iPhone.ActiveCfg = Debug|Any CPU
		{83B1D6C5-D1C1-48FA-B5DA-69A4D001AE69}.AppStore|iPhone.Build.0 = Debug|Any CPU
		{83B1D6C5-D1C1-48FA-B5DA-69A4D001AE69}.AppStore|iPhone.Deploy.0 = Debug|Any CPU
		{83B1D6C5-D1C1-48FA-B5DA-69A4D001AE69}.AppStore|iPhoneSimulator.ActiveCfg = Debug|Any CPU
		{83B1D6C5-D1C1-48FA-B5DA-69A4D001AE69}.AppStore|iPhoneSimulator.Build.0 = Debug|Any CPU
		{83B1D6C5-D1C1-48FA-B5DA-69A4D001AE69}.AppStore|iPhoneSimulator.Deploy.0 = Debug|Any CPU
		{83B1D6C5-D1C1-48FA-B5DA-69A4D001AE69}.Debug|Any CPU.ActiveCfg = Debug|Any CPU
		{83B1D6C5-D1C1-48FA-B5DA-69A4D001AE69}.Debug|Any CPU.Build.0 = Debug|Any CPU
		{83B1D6C5-D1C1-48FA-B5DA-69A4D001AE69}.Debug|Any CPU.Deploy.0 = Debug|Any CPU
		{83B1D6C5-D1C1-48FA-B5DA-69A4D001AE69}.Debug|iPhone.ActiveCfg = Debug|Any CPU
		{83B1D6C5-D1C1-48FA-B5DA-69A4D001AE69}.Debug|iPhone.Build.0 = Debug|Any CPU
		{83B1D6C5-D1C1-48FA-B5DA-69A4D001AE69}.Debug|iPhone.Deploy.0 = Debug|Any CPU
		{83B1D6C5-D1C1-48FA-B5DA-69A4D001AE69}.Debug|iPhoneSimulator.ActiveCfg = Debug|Any CPU
		{83B1D6C5-D1C1-48FA-B5DA-69A4D001AE69}.Debug|iPhoneSimulator.Build.0 = Debug|Any CPU
		{83B1D6C5-D1C1-48FA-B5DA-69A4D001AE69}.Debug|iPhoneSimulator.Deploy.0 = Debug|Any CPU
		{83B1D6C5-D1C1-48FA-B5DA-69A4D001AE69}.Release|Any CPU.ActiveCfg = Release|Any CPU
		{83B1D6C5-D1C1-48FA-B5DA-69A4D001AE69}.Release|Any CPU.Build.0 = Release|Any CPU
		{83B1D6C5-D1C1-48FA-B5DA-69A4D001AE69}.Release|Any CPU.Deploy.0 = Release|Any CPU
		{83B1D6C5-D1C1-48FA-B5DA-69A4D001AE69}.Release|iPhone.ActiveCfg = Release|Any CPU
		{83B1D6C5-D1C1-48FA-B5DA-69A4D001AE69}.Release|iPhone.Build.0 = Release|Any CPU
		{83B1D6C5-D1C1-48FA-B5DA-69A4D001AE69}.Release|iPhone.Deploy.0 = Release|Any CPU
		{83B1D6C5-D1C1-48FA-B5DA-69A4D001AE69}.Release|iPhoneSimulator.ActiveCfg = Release|Any CPU
		{83B1D6C5-D1C1-48FA-B5DA-69A4D001AE69}.Release|iPhoneSimulator.Build.0 = Release|Any CPU
		{83B1D6C5-D1C1-48FA-B5DA-69A4D001AE69}.Release|iPhoneSimulator.Deploy.0 = Release|Any CPU
	EndGlobalSection
	GlobalSection(SolutionProperties) = preSolution
		HideSolutionNode = FALSE
	EndGlobalSection
	GlobalSection(ExtensibilityGlobals) = postSolution
		SolutionGuid = {6385AE29-2A9A-4D96-818E-25D7B45D4755}
	EndGlobalSection
EndGlobal
